{
  "originHash" : "f8bb46f89159b0eb71ca65a7a5cf1e9a977fa72ebcdd00e80443b500f1f7c427",
  "pins" : [
    {
      "identity" : "textcolorpicker",
      "kind" : "remoteSourceControl",
      "location" : "https://github.com/disc0infern0/TextColorPicker",
      "state" : {
        "revision" : "e9a1814106f71a969a08ce168cb6e7a55c616bd2",
        "version" : "0.0.6"
      }
    }
  ],
  "version" : 3
}
