{
  "originHash" : "f8bb46f89159b0eb71ca65a7a5cf1e9a977fa72ebcdd00e80443b500f1f7c427",
  "pins" : [
    {
      "identity" : "textcolorpicker",
      "kind" : "remoteSourceControl",
      "location" : "https://github.com/disc0infern0/TextColorPicker",
      "state" : {
        "revision" : "88a3129439a11e63c87fd6072877c3c8ee112476",
        "version" : "0.1.5"
      }
    }
  ],
  "version" : 3
}
